
Microsoft Visual Studio Solution File, Format Version 12.00
# Visual Studio Version 16
VisualStudioVersion = 16.0.30907.101
MinimumVisualStudioVersion = 10.0.40219.1
Project("{FAE04EC0-301F-11D3-BF4B-00C04F79EFBC}") = "MovieProject", "MovieProject.csproj", "{C9F6E3AC-BD5E-4A8C-A319-346E6B698F7A}"
EndProject
Global
	GlobalSection(SolutionConfigurationPlatforms) = preSolution
		Debug|Any CPU = Debug|Any CPU
		Release|Any CPU = Release|Any CPU
	EndGlobalSection
	GlobalSection(ProjectConfigurationPlatforms) = postSolution
		{C9F6E3AC-BD5E-4A8C-A319-346E6B698F7A}.Debug|Any CPU.ActiveCfg = Debug|Any CPU
		{C9F6E3AC-BD5E-4A8C-A319-346E6B698F7A}.Debug|Any CPU.Build.0 = Debug|Any CPU
		{C9F6E3AC-BD5E-4A8C-A319-346E6B698F7A}.Release|Any CPU.ActiveCfg = Release|Any CPU
		{C9F6E3AC-BD5E-4A8C-A319-346E6B698F7A}.Release|Any CPU.Build.0 = Release|Any CPU
	EndGlobalSection
	GlobalSection(SolutionProperties) = preSolution
		HideSolutionNode = FALSE
	EndGlobalSection
	GlobalSection(ExtensibilityGlobals) = postSolution
		SolutionGuid = {97233EBC-CD7F-482B-91A2-2E7737A165B6}
	EndGlobalSection
EndGlobal
